
Microsoft Visual Studio Solution File, Format Version 12.00
# Visual Studio Version 17
VisualStudioVersion = 17.10.35027.167
MinimumVisualStudioVersion = 10.0.40219.1
Project("{9A19103F-16F7-4668-BE54-9A1E7A4F7556}") = "Leibniz.Api", "Leibniz.Api\Leibniz.Api.csproj", "{558FC046-BF8F-4A2D-841D-0DBD2DC066D7}"
EndProject
Project("{2150E333-8FDC-42A3-9474-1A3956D46DE8}") = "Solution Files", "Solution Files", "{82A64858-3EF8-4DDD-AC82-2C7EF5900C56}"
	ProjectSection(SolutionItems) = preProject
		.env = .env
		README.txt = README.txt
	EndProjectSection
EndProject
Global
	GlobalSection(SolutionConfigurationPlatforms) = preSolution
		Debug|Any CPU = Debug|Any CPU
		Release|Any CPU = Release|Any CPU
	EndGlobalSection
	GlobalSection(ProjectConfigurationPlatforms) = postSolution
		{558FC046-BF8F-4A2D-841D-0DBD2DC066D7}.Debug|Any CPU.ActiveCfg = Debug|Any CPU
		{558FC046-BF8F-4A2D-841D-0DBD2DC066D7}.Debug|Any CPU.Build.0 = Debug|Any CPU
		{558FC046-BF8F-4A2D-841D-0DBD2DC066D7}.Release|Any CPU.ActiveCfg = Release|Any CPU
		{558FC046-BF8F-4A2D-841D-0DBD2DC066D7}.Release|Any CPU.Build.0 = Release|Any CPU
	EndGlobalSection
	GlobalSection(SolutionProperties) = preSolution
		HideSolutionNode = FALSE
	EndGlobalSection
	GlobalSection(ExtensibilityGlobals) = postSolution
		SolutionGuid = {0AA87012-D7C1-423D-B24B-3E2A27F2B1FC}
	EndGlobalSection
EndGlobal
